
Microsoft Visual Studio Solution File, Format Version 12.00
# Visual Studio Version 16
VisualStudioVersion = 16.0.31025.194
MinimumVisualStudioVersion = 10.0.40219.1
Project("{FAE04EC0-301F-11D3-BF4B-00C04F79EFBC}") = "Barcode scaner", "Barcode scaner\Barcode scaner.csproj", "{C1420AEA-C12F-40CE-90AE-ECA396CDFAE9}"
EndProject
Global
	GlobalSection(SolutionConfigurationPlatforms) = preSolution
		Debug|Any CPU = Debug|Any CPU
		Release|Any CPU = Release|Any CPU
	EndGlobalSection
	GlobalSection(ProjectConfigurationPlatforms) = postSolution
		{C1420AEA-C12F-40CE-90AE-ECA396CDFAE9}.Debug|Any CPU.ActiveCfg = Debug|Any CPU
		{C1420AEA-C12F-40CE-90AE-ECA396CDFAE9}.Debug|Any CPU.Build.0 = Debug|Any CPU
		{C1420AEA-C12F-40CE-90AE-ECA396CDFAE9}.Release|Any CPU.ActiveCfg = Release|Any CPU
		{C1420AEA-C12F-40CE-90AE-ECA396CDFAE9}.Release|Any CPU.Build.0 = Release|Any CPU
	EndGlobalSection
	GlobalSection(SolutionProperties) = preSolution
		HideSolutionNode = FALSE
	EndGlobalSection
	GlobalSection(ExtensibilityGlobals) = postSolution
		SolutionGuid = {176910A7-F696-4522-946E-B83BE3871C08}
	EndGlobalSection
EndGlobal
